
Microsoft Visual Studio Solution File, Format Version 12.00
# Visual Studio Version 17
VisualStudioVersion = 17.11.35327.3
MinimumVisualStudioVersion = 10.0.40219.1
Project("{FAE04EC0-301F-11D3-BF4B-00C04F79EFBC}") = "GUI_2_calculator", "GUI_2_calculator\GUI_2_calculator.csproj", "{1A288B51-37F5-4838-8BEA-F9BD60340BEC}"
EndProject
Global
	GlobalSection(SolutionConfigurationPlatforms) = preSolution
		Debug|Any CPU = Debug|Any CPU
		Release|Any CPU = Release|Any CPU
	EndGlobalSection
	GlobalSection(ProjectConfigurationPlatforms) = postSolution
		{1A288B51-37F5-4838-8BEA-F9BD60340BEC}.Debug|Any CPU.ActiveCfg = Debug|Any CPU
		{1A288B51-37F5-4838-8BEA-F9BD60340BEC}.Debug|Any CPU.Build.0 = Debug|Any CPU
		{1A288B51-37F5-4838-8BEA-F9BD60340BEC}.Release|Any CPU.ActiveCfg = Release|Any CPU
		{1A288B51-37F5-4838-8BEA-F9BD60340BEC}.Release|Any CPU.Build.0 = Release|Any CPU
	EndGlobalSection
	GlobalSection(SolutionProperties) = preSolution
		HideSolutionNode = FALSE
	EndGlobalSection
	GlobalSection(ExtensibilityGlobals) = postSolution
		SolutionGuid = {44CC6FC6-81A6-4C0C-BEE7-9C05FFFC395E}
	EndGlobalSection
EndGlobal
